
Microsoft Visual Studio Solution File, Format Version 12.00
# Visual Studio Version 17
VisualStudioVersion = 17.8.34330.188
MinimumVisualStudioVersion = 10.0.40219.1
Project("{9A19103F-16F7-4668-BE54-9A1E7A4F7556}") = "API", "API.csproj", "{1F69D987-D96D-4924-BB47-AF3B68C62089}"
EndProject
Project("{2150E333-8FDC-42A3-9474-1A3956D46DE8}") = "Core", "Core", "{FA71C022-3756-4A23-A915-FD03F0471B22}"
EndProject
Project("{2150E333-8FDC-42A3-9474-1A3956D46DE8}") = "Infrastructure", "Infrastructure", "{42523556-2C43-4504-BE4E-3FBF863EB23E}"
EndProject
Project("{9A19103F-16F7-4668-BE54-9A1E7A4F7556}") = "Contracts", "..\Contracts\Contracts.csproj", "{744B37C4-4A75-4942-8AAE-556638EC5011}"
EndProject
Project("{9A19103F-16F7-4668-BE54-9A1E7A4F7556}") = "Domain", "..\Domain\Domain.csproj", "{292B38F3-7584-4B58-B374-AC0D79C7E2C9}"
EndProject
Project("{9A19103F-16F7-4668-BE54-9A1E7A4F7556}") = "Services", "..\Services\Services.csproj", "{2C8784D2-2C31-4CD7-9AF3-85A2A0A5997F}"
EndProject
Project("{9A19103F-16F7-4668-BE54-9A1E7A4F7556}") = "Services.Abstractions", "..\Services.Abstractions\Services.Abstractions.csproj", "{9B07F3E9-FBDA-4F07-805D-1BA8B2E9758D}"
EndProject
Global
	GlobalSection(SolutionConfigurationPlatforms) = preSolution
		Debug|Any CPU = Debug|Any CPU
		Release|Any CPU = Release|Any CPU
	EndGlobalSection
	GlobalSection(ProjectConfigurationPlatforms) = postSolution
		{1F69D987-D96D-4924-BB47-AF3B68C62089}.Debug|Any CPU.ActiveCfg = Debug|Any CPU
		{1F69D987-D96D-4924-BB47-AF3B68C62089}.Debug|Any CPU.Build.0 = Debug|Any CPU
		{1F69D987-D96D-4924-BB47-AF3B68C62089}.Release|Any CPU.ActiveCfg = Release|Any CPU
		{1F69D987-D96D-4924-BB47-AF3B68C62089}.Release|Any CPU.Build.0 = Release|Any CPU
		{744B37C4-4A75-4942-8AAE-556638EC5011}.Debug|Any CPU.ActiveCfg = Debug|Any CPU
		{744B37C4-4A75-4942-8AAE-556638EC5011}.Debug|Any CPU.Build.0 = Debug|Any CPU
		{744B37C4-4A75-4942-8AAE-556638EC5011}.Release|Any CPU.ActiveCfg = Release|Any CPU
		{744B37C4-4A75-4942-8AAE-556638EC5011}.Release|Any CPU.Build.0 = Release|Any CPU
		{292B38F3-7584-4B58-B374-AC0D79C7E2C9}.Debug|Any CPU.ActiveCfg = Debug|Any CPU
		{292B38F3-7584-4B58-B374-AC0D79C7E2C9}.Debug|Any CPU.Build.0 = Debug|Any CPU
		{292B38F3-7584-4B58-B374-AC0D79C7E2C9}.Release|Any CPU.ActiveCfg = Release|Any CPU
		{292B38F3-7584-4B58-B374-AC0D79C7E2C9}.Release|Any CPU.Build.0 = Release|Any CPU
		{2C8784D2-2C31-4CD7-9AF3-85A2A0A5997F}.Debug|Any CPU.ActiveCfg = Debug|Any CPU
		{2C8784D2-2C31-4CD7-9AF3-85A2A0A5997F}.Debug|Any CPU.Build.0 = Debug|Any CPU
		{2C8784D2-2C31-4CD7-9AF3-85A2A0A5997F}.Release|Any CPU.ActiveCfg = Release|Any CPU
		{2C8784D2-2C31-4CD7-9AF3-85A2A0A5997F}.Release|Any CPU.Build.0 = Release|Any CPU
		{9B07F3E9-FBDA-4F07-805D-1BA8B2E9758D}.Debug|Any CPU.ActiveCfg = Debug|Any CPU
		{9B07F3E9-FBDA-4F07-805D-1BA8B2E9758D}.Debug|Any CPU.Build.0 = Debug|Any CPU
		{9B07F3E9-FBDA-4F07-805D-1BA8B2E9758D}.Release|Any CPU.ActiveCfg = Release|Any CPU
		{9B07F3E9-FBDA-4F07-805D-1BA8B2E9758D}.Release|Any CPU.Build.0 = Release|Any CPU
	EndGlobalSection
	GlobalSection(SolutionProperties) = preSolution
		HideSolutionNode = FALSE
	EndGlobalSection
	GlobalSection(NestedProjects) = preSolution
		{744B37C4-4A75-4942-8AAE-556638EC5011} = {FA71C022-3756-4A23-A915-FD03F0471B22}
		{292B38F3-7584-4B58-B374-AC0D79C7E2C9} = {FA71C022-3756-4A23-A915-FD03F0471B22}
		{2C8784D2-2C31-4CD7-9AF3-85A2A0A5997F} = {FA71C022-3756-4A23-A915-FD03F0471B22}
		{9B07F3E9-FBDA-4F07-805D-1BA8B2E9758D} = {FA71C022-3756-4A23-A915-FD03F0471B22}
	EndGlobalSection
	GlobalSection(ExtensibilityGlobals) = postSolution
		SolutionGuid = {797DF7B0-CF84-4F45-B300-2D841372593D}
	EndGlobalSection
EndGlobal
