
Microsoft Visual Studio Solution File, Format Version 12.00
Project("{FAE04EC0-301F-11D3-BF4B-00C04F79EFBC}") = "AppName", "AppName.csproj", "{2F02B880-74F5-4D9D-A825-73DAC5820E2B}"
EndProject
Project("{2150E333-8FDC-42A3-9474-1A3956D46DE8}") = "Core", "Core", "{14E4EC4A-F51B-4B30-8A4E-23C098D65957}"
EndProject
Project("{2150E333-8FDC-42A3-9474-1A3956D46DE8}") = "Infrastructure", "Infrastructure", "{B09841A2-919E-4140-AD9C-3C0AD454F687}"
EndProject
Project("{FAE04EC0-301F-11D3-BF4B-00C04F79EFBC}") = "Contracts", "Core\Contracts\Contracts.csproj", "{8AEE3164-C16A-4BA4-9C69-6BF365F58493}"
EndProject
Project("{FAE04EC0-301F-11D3-BF4B-00C04F79EFBC}") = "Domain", "Core\Domain\Domain.csproj", "{2DC658A4-E9D8-4EAD-B9F3-27C3D029810E}"
EndProject
Project("{FAE04EC0-301F-11D3-BF4B-00C04F79EFBC}") = "Services", "Core\Services\Services.csproj", "{50EE25AF-C2EB-4D9F-96F0-AE365A3C7185}"
EndProject
Project("{FAE04EC0-301F-11D3-BF4B-00C04F79EFBC}") = "Services.Abstractions", "Core\Services.Abstractions\Services.Abstractions.csproj", "{188FE6EA-BDC5-418F-B75E-78A98F655B4A}"
EndProject
Project("{FAE04EC0-301F-11D3-BF4B-00C04F79EFBC}") = "Persistence", "Infrastructure\Persistence\Persistence.csproj", "{90646AD5-5C35-4CE8-A4D6-2D58933063D2}"
EndProject
Project("{FAE04EC0-301F-11D3-BF4B-00C04F79EFBC}") = "Presentation", "Infrastructure\Presentation\Presentation.csproj", "{63A42210-6A18-41D8-A903-9CE6F73CF218}"
EndProject
Global
	GlobalSection(SolutionConfigurationPlatforms) = preSolution
		Debug|Any CPU = Debug|Any CPU
		Release|Any CPU = Release|Any CPU
	EndGlobalSection
	GlobalSection(ProjectConfigurationPlatforms) = postSolution
		{2F02B880-74F5-4D9D-A825-73DAC5820E2B}.Debug|Any CPU.ActiveCfg = Debug|Any CPU
		{2F02B880-74F5-4D9D-A825-73DAC5820E2B}.Debug|Any CPU.Build.0 = Debug|Any CPU
		{2F02B880-74F5-4D9D-A825-73DAC5820E2B}.Release|Any CPU.ActiveCfg = Release|Any CPU
		{2F02B880-74F5-4D9D-A825-73DAC5820E2B}.Release|Any CPU.Build.0 = Release|Any CPU
		{8AEE3164-C16A-4BA4-9C69-6BF365F58493}.Debug|Any CPU.ActiveCfg = Debug|Any CPU
		{8AEE3164-C16A-4BA4-9C69-6BF365F58493}.Debug|Any CPU.Build.0 = Debug|Any CPU
		{8AEE3164-C16A-4BA4-9C69-6BF365F58493}.Release|Any CPU.ActiveCfg = Release|Any CPU
		{8AEE3164-C16A-4BA4-9C69-6BF365F58493}.Release|Any CPU.Build.0 = Release|Any CPU
		{2DC658A4-E9D8-4EAD-B9F3-27C3D029810E}.Debug|Any CPU.ActiveCfg = Debug|Any CPU
		{2DC658A4-E9D8-4EAD-B9F3-27C3D029810E}.Debug|Any CPU.Build.0 = Debug|Any CPU
		{2DC658A4-E9D8-4EAD-B9F3-27C3D029810E}.Release|Any CPU.ActiveCfg = Release|Any CPU
		{2DC658A4-E9D8-4EAD-B9F3-27C3D029810E}.Release|Any CPU.Build.0 = Release|Any CPU
		{50EE25AF-C2EB-4D9F-96F0-AE365A3C7185}.Debug|Any CPU.ActiveCfg = Debug|Any CPU
		{50EE25AF-C2EB-4D9F-96F0-AE365A3C7185}.Debug|Any CPU.Build.0 = Debug|Any CPU
		{50EE25AF-C2EB-4D9F-96F0-AE365A3C7185}.Release|Any CPU.ActiveCfg = Release|Any CPU
		{50EE25AF-C2EB-4D9F-96F0-AE365A3C7185}.Release|Any CPU.Build.0 = Release|Any CPU
		{188FE6EA-BDC5-418F-B75E-78A98F655B4A}.Debug|Any CPU.ActiveCfg = Debug|Any CPU
		{188FE6EA-BDC5-418F-B75E-78A98F655B4A}.Debug|Any CPU.Build.0 = Debug|Any CPU
		{188FE6EA-BDC5-418F-B75E-78A98F655B4A}.Release|Any CPU.ActiveCfg = Release|Any CPU
		{188FE6EA-BDC5-418F-B75E-78A98F655B4A}.Release|Any CPU.Build.0 = Release|Any CPU
		{90646AD5-5C35-4CE8-A4D6-2D58933063D2}.Debug|Any CPU.ActiveCfg = Debug|Any CPU
		{90646AD5-5C35-4CE8-A4D6-2D58933063D2}.Debug|Any CPU.Build.0 = Debug|Any CPU
		{90646AD5-5C35-4CE8-A4D6-2D58933063D2}.Release|Any CPU.ActiveCfg = Release|Any CPU
		{90646AD5-5C35-4CE8-A4D6-2D58933063D2}.Release|Any CPU.Build.0 = Release|Any CPU
		{63A42210-6A18-41D8-A903-9CE6F73CF218}.Debug|Any CPU.ActiveCfg = Debug|Any CPU
		{63A42210-6A18-41D8-A903-9CE6F73CF218}.Debug|Any CPU.Build.0 = Debug|Any CPU
		{63A42210-6A18-41D8-A903-9CE6F73CF218}.Release|Any CPU.ActiveCfg = Release|Any CPU
		{63A42210-6A18-41D8-A903-9CE6F73CF218}.Release|Any CPU.Build.0 = Release|Any CPU
	EndGlobalSection
	GlobalSection(NestedProjects) = preSolution
		{8AEE3164-C16A-4BA4-9C69-6BF365F58493} = {14E4EC4A-F51B-4B30-8A4E-23C098D65957}
		{2DC658A4-E9D8-4EAD-B9F3-27C3D029810E} = {14E4EC4A-F51B-4B30-8A4E-23C098D65957}
		{50EE25AF-C2EB-4D9F-96F0-AE365A3C7185} = {14E4EC4A-F51B-4B30-8A4E-23C098D65957}
		{188FE6EA-BDC5-418F-B75E-78A98F655B4A} = {14E4EC4A-F51B-4B30-8A4E-23C098D65957}
		{90646AD5-5C35-4CE8-A4D6-2D58933063D2} = {B09841A2-919E-4140-AD9C-3C0AD454F687}
		{63A42210-6A18-41D8-A903-9CE6F73CF218} = {B09841A2-919E-4140-AD9C-3C0AD454F687}
	EndGlobalSection
EndGlobal
